{
  "name": "easybuggy",
  "lockfileVersion": 3,
  "requires": true,
  "packages": {
    "": {
      "dependencies": {
        "gitleaks": "^1.0.0",
        "sonarqube": "^0.0.1"
      }
    },
    "node_modules/gitleaks": {
      "version": "1.0.0",
      "resolved": "https://registry.npmjs.org/gitleaks/-/gitleaks-1.0.0.tgz",
      "integrity": "sha512-mTtKkWCAeHnTiBmRzjKnot8D8zX/JVDuRffuvSCr+z93vuBXygeifGZ7lXOB8Hjxto+DikSoF0XXfxntd1BZSQ=="
    },
    "node_modules/sonarqube": {
      "version": "0.0.1",
      "resolved": "https://registry.npmjs.org/sonarqube/-/sonarqube-0.0.1.tgz",
      "integrity": "sha512-VohuYExr2bkTUjXmuMcuS7hOSBEsJ2SbZq492Ti2mgYJWxyUFETSyTWOyIF3suCvnVbmDoIZiGwyIyLPTABchw=="
    }
  }
}
